{
  "lockfileVersion": 1,
  "configVersion": 1,
  "workspaces": {
    "": {
      "name": "portwatcher",
      "devDependencies": {
        "@varlock/bumpy": "^1.8.1",
      },
    },
  },
  "packages": {
    "@varlock/bumpy": ["@varlock/bumpy@1.8.1", "", { "bin": { "bumpy": "dist/cli.mjs" } }, "sha512-HhJ4UYeCPAMtSWYKO9lc5RABjpHjLZdu1lEzCJbgEWo+QOz2JCRcxpDLeH6XQJ1oQddrxUQeSiqcuuElJoCVEw=="],
  }
}
